// !$*UTF8*$!
{
	archiveVersion = 1;
	classes = {
	};
	objectVersion = 77;
	objects = {

/* Begin PBXBuildFile section */
		C2CEB1482E98FB800007005C /* PDFConverter in Frameworks */ = {isa = PBXBuildFile; productRef = C2CEB1472E98FB800007005C /* PDFConverter */; };
/* End PBXBuildFile section */

/* Begin PBXContainerItemProxy section */
		C2049D762E7FF08300A47743 /* PBXContainerItemProxy */ = {
			isa = PBXContainerItemProxy;
			containerPortal = C2049D5D2E7FF08200A47743 /* Project object */;
			proxyType = 1;
			remoteGlobalIDString = C2049D642E7FF08200A47743;
			remoteInfo = PDFHandler;
		};
		C2049D802E7FF08300A47743 /* PBXContainerItemProxy */ = {
			isa = PBXContainerItemProxy;
			containerPortal = C2049D5D2E7FF08200A47743 /* Project object */;
			proxyType = 1;
			remoteGlobalIDString = C2049D642E7FF08200A47743;
			remoteInfo = PDFHandler;
		};
/* End PBXContainerItemProxy section */

/* Begin PBXFileReference section */
		C2049D652E7FF08200A47743 /* PDFHandler.app */ = {isa = PBXFileReference; explicitFileType = wrapper.application; includeInIndex = 0; path = PDFHandler.app; sourceTree = BUILT_PRODUCTS_DIR; };
		C2049D752E7FF08300A47743 /* PDFHandlerTests.xctest */ = {isa = PBXFileReference; explicitFileType = wrapper.cfbundle; includeInIndex = 0; path = PDFHandlerTests.xctest; sourceTree = BUILT_PRODUCTS_DIR; };
		C2049D7F2E7FF08300A47743 /* PDFHandlerUITests.xctest */ = {isa = PBXFileReference; explicitFileType = wrapper.cfbundle; includeInIndex = 0; path = PDFHandlerUITests.xctest; sourceTree = BUILT_PRODUCTS_DIR; };
/* End PBXFileReference section */

/* Begin PBXFileSystemSynchronizedRootGroup section */
		C2049D672E7FF08200A47743 /* PDFHandler */ = {
			isa = PBXFileSystemSynchronizedRootGroup;
			path = PDFHandler;
			sourceTree = "<group>";
		};
		C2049D782E7FF08300A47743 /* PDFHandlerTests */ = {
			isa = PBXFileSystemSynchronizedRootGroup;
			path = PDFHandlerTests;
			sourceTree = "<group>";
		};
		C2049D822E7FF08300A47743 /* PDFHandlerUITests */ = {
			isa = PBXFileSystemSynchronizedRootGroup;
			path = PDFHandlerUITests;
			sourceTree = "<group>";
		};
/* End PBXFileSystemSynchronizedRootGroup section */

/* Begin PBXFrameworksBuildPhase section */
		C2049D622E7FF08200A47743 /* Frameworks */ = {
			isa = PBXFrameworksBuildPhase;
			buildActionMask = 2147483647;
			files = (
				C2CEB1482E98FB800007005C /* PDFConverter in Frameworks */,
			);
			runOnlyForDeploymentPostprocessing = 0;
		};
		C2049D722E7FF08300A47743 /* Frameworks */ = {
			isa = PBXFrameworksBuildPhase;
			buildActionMask = 2147483647;
			files = (
			);
			runOnlyForDeploymentPostprocessing = 0;
		};
		C2049D7C2E7FF08300A47743 /* Frameworks */ = {
			isa = PBXFrameworksBuildPhase;
			buildActionMask = 2147483647;
			files = (
			);
			runOnlyForDeploymentPostprocessing = 0;
		};
/* End PBXFrameworksBuildPhase section */

/* Begin PBXGroup section */
		C2049D5C2E7FF08200A47743 = {
			isa = PBXGroup;
			children = (
				C2049D672E7FF08200A47743 /* PDFHandler */,
				C2049D782E7FF08300A47743 /* PDFHandlerTests */,
				C2049D822E7FF08300A47743 /* PDFHandlerUITests */,
				C2CEB0EB2E98E93A0007005C /* Frameworks */,
				C2049D662E7FF08200A47743 /* Products */,
			);
			sourceTree = "<group>";
		};
		C2049D662E7FF08200A47743 /* Products */ = {
			isa = PBXGroup;
			children = (
				C2049D652E7FF08200A47743 /* PDFHandler.app */,
				C2049D752E7FF08300A47743 /* PDFHandlerTests.xctest */,
				C2049D7F2E7FF08300A47743 /* PDFHandlerUITests.xctest */,
			);
			name = Products;
			sourceTree = "<group>";
		};
		C2CEB0EB2E98E93A0007005C /* Frameworks */ = {
			isa = PBXGroup;
			children = (
			);
			name = Frameworks;
			sourceTree = "<group>";
		};
/* End PBXGroup section */

/* Begin PBXNativeTarget section */
		C2049D642E7FF08200A47743 /* PDFHandler */ = {
			isa = PBXNativeTarget;
			buildConfigurationList = C2049D892E7FF08300A47743 /* Build configuration list for PBXNativeTarget "PDFHandler" */;
			buildPhases = (
				C2049D612E7FF08200A47743 /* Sources */,
				C2049D622E7FF08200A47743 /* Frameworks */,
				C2049D632E7FF08200A47743 /* Resources */,
			);
			buildRules = (
			);
			dependencies = (
			);
			fileSystemSynchronizedGroups = (
				C2049D672E7FF08200A47743 /* PDFHandler */,
			);
			name = PDFHandler;
			packageProductDependencies = (
				C2CEB1472E98FB800007005C /* PDFConverter */,
			);
			productName = PDFHandler;
			productReference = C2049D652E7FF08200A47743 /* PDFHandler.app */;
			productType = "com.apple.product-type.application";
		};
		C2049D742E7FF08300A47743 /* PDFHandlerTests */ = {
			isa = PBXNativeTarget;
			buildConfigurationList = C2049D8C2E7FF08300A47743 /* Build configuration list for PBXNativeTarget "PDFHandlerTests" */;
			buildPhases = (
				C2049D712E7FF08300A47743 /* Sources */,
				C2049D722E7FF08300A47743 /* Frameworks */,
				C2049D732E7FF08300A47743 /* Resources */,
			);
			buildRules = (
			);
			dependencies = (
				C2049D772E7FF08300A47743 /* PBXTargetDependency */,
			);
			fileSystemSynchronizedGroups = (
				C2049D782E7FF08300A47743 /* PDFHandlerTests */,
			);
			name = PDFHandlerTests;
			packageProductDependencies = (
			);
			productName = PDFHandlerTests;
			productReference = C2049D752E7FF08300A47743 /* PDFHandlerTests.xctest */;
			productType = "com.apple.product-type.bundle.unit-test";
		};
		C2049D7E2E7FF08300A47743 /* PDFHandlerUITests */ = {
			isa = PBXNativeTarget;
			buildConfigurationList = C2049D8F2E7FF08300A47743 /* Build configuration list for PBXNativeTarget "PDFHandlerUITests" */;
			buildPhases = (
				C2049D7B2E7FF08300A47743 /* Sources */,
				C2049D7C2E7FF08300A47743 /* Frameworks */,
				C2049D7D2E7FF08300A47743 /* Resources */,
			);
			buildRules = (
			);
			dependencies = (
				C2049D812E7FF08300A47743 /* PBXTargetDependency */,
			);
			fileSystemSynchronizedGroups = (
				C2049D822E7FF08300A47743 /* PDFHandlerUITests */,
			);
			name = PDFHandlerUITests;
			packageProductDependencies = (
			);
			productName = PDFHandlerUITests;
			productReference = C2049D7F2E7FF08300A47743 /* PDFHandlerUITests.xctest */;
			productType = "com.apple.product-type.bundle.ui-testing";
		};
/* End PBXNativeTarget section */

/* Begin PBXProject section */
		C2049D5D2E7FF08200A47743 /* Project object */ = {
			isa = PBXProject;
			attributes = {
				BuildIndependentTargetsInParallel = 1;
				LastSwiftUpdateCheck = 1620;
				LastUpgradeCheck = 1620;
				TargetAttributes = {
					C2049D642E7FF08200A47743 = {
						CreatedOnToolsVersion = 16.2;
					};
					C2049D742E7FF08300A47743 = {
						CreatedOnToolsVersion = 16.2;
						TestTargetID = C2049D642E7FF08200A47743;
					};
					C2049D7E2E7FF08300A47743 = {
						CreatedOnToolsVersion = 16.2;
						TestTargetID = C2049D642E7FF08200A47743;
					};
				};
			};
			buildConfigurationList = C2049D602E7FF08200A47743 /* Build configuration list for PBXProject "PDFHandler" */;
			developmentRegion = en;
			hasScannedForEncodings = 0;
			knownRegions = (
				en,
				Base,
			);
			mainGroup = C2049D5C2E7FF08200A47743;
			minimizedProjectReferenceProxies = 1;
			packageReferences = (
				C2CEB1462E98FB800007005C /* XCLocalSwiftPackageReference "../../PDFConverter" */,
			);
			preferredProjectObjectVersion = 77;
			productRefGroup = C2049D662E7FF08200A47743 /* Products */;
			projectDirPath = "";
			projectRoot = "";
			targets = (
				C2049D642E7FF08200A47743 /* PDFHandler */,
				C2049D742E7FF08300A47743 /* PDFHandlerTests */,
				C2049D7E2E7FF08300A47743 /* PDFHandlerUITests */,
			);
		};
/* End PBXProject section */

/* Begin PBXResourcesBuildPhase section */
		C2049D632E7FF08200A47743 /* Resources */ = {
			isa = PBXResourcesBuildPhase;
			buildActionMask = 2147483647;
			files = (
			);
			runOnlyForDeploymentPostprocessing = 0;
		};
		C2049D732E7FF08300A47743 /* Resources */ = {
			isa = PBXResourcesBuildPhase;
			buildActionMask = 2147483647;
			files = (
			);
			runOnlyForDeploymentPostprocessing = 0;
		};
		C2049D7D2E7FF08300A47743 /* Resources */ = {
			isa = PBXResourcesBuildPhase;
			buildActionMask = 2147483647;
			files = (
			);
			runOnlyForDeploymentPostprocessing = 0;
		};
/* End PBXResourcesBuildPhase section */

/* Begin PBXSourcesBuildPhase section */
		C2049D612E7FF08200A47743 /* Sources */ = {
			isa = PBXSourcesBuildPhase;
			buildActionMask = 2147483647;
			files = (
			);
			runOnlyForDeploymentPostprocessing = 0;
		};
		C2049D712E7FF08300A47743 /* Sources */ = {
			isa = PBXSourcesBuildPhase;
			buildActionMask = 2147483647;
			files = (
			);
			runOnlyForDeploymentPostprocessing = 0;
		};
		C2049D7B2E7FF08300A47743 /* Sources */ = {
			isa = PBXSourcesBuildPhase;
			buildActionMask = 2147483647;
			files = (
			);
			runOnlyForDeploymentPostprocessing = 0;
		};
/* End PBXSourcesBuildPhase section */

/* Begin PBXTargetDependency section */
		C2049D772E7FF08300A47743 /* PBXTargetDependency */ = {
			isa = PBXTargetDependency;
			target = C2049D642E7FF08200A47743 /* PDFHandler */;
			targetProxy = C2049D762E7FF08300A47743 /* PBXContainerItemProxy */;
		};
		C2049D812E7FF08300A47743 /* PBXTargetDependency */ = {
			isa = PBXTargetDependency;
			target = C2049D642E7FF08200A47743 /* PDFHandler */;
			targetProxy = C2049D802E7FF08300A47743 /* PBXContainerItemProxy */;
		};
/* End PBXTargetDependency section */

/* Begin XCBuildConfiguration section */
		C2049D872E7FF08300A47743 /* Debug */ = {
			isa = XCBuildConfiguration;
			buildSettings = {
				ALWAYS_SEARCH_USER_PATHS = NO;
				ASSETCATALOG_COMPILER_GENERATE_SWIFT_ASSET_SYMBOL_EXTENSIONS = YES;
				CLANG_ANALYZER_NONNULL = YES;
				CLANG_ANALYZER_NUMBER_OBJECT_CONVERSION = YES_AGGRESSIVE;
				CLANG_CXX_LANGUAGE_STANDARD = "gnu++20";
				CLANG_ENABLE_MODULES = YES;
				CLANG_ENABLE_OBJC_ARC = YES;
				CLANG_ENABLE_OBJC_WEAK = YES;
				CLANG_WARN_BLOCK_CAPTURE_AUTORELEASING = YES;
				CLANG_WARN_BOOL_CONVERSION = YES;
				CLANG_WARN_COMMA = YES;
				CLANG_WARN_CONSTANT_CONVERSION = YES;
				CLANG_WARN_DEPRECATED_OBJC_IMPLEMENTATIONS = YES;
				CLANG_WARN_DIRECT_OBJC_ISA_USAGE = YES_ERROR;
				CLANG_WARN_DOCUMENTATION_COMMENTS = YES;
				CLANG_WARN_EMPTY_BODY = YES;
				CLANG_WARN_ENUM_CONVERSION = YES;
				CLANG_WARN_INFINITE_RECURSION = YES;
				CLANG_WARN_INT_CONVERSION = YES;
				CLANG_WARN_NON_LITERAL_NULL_CONVERSION = YES;
				CLANG_WARN_OBJC_IMPLICIT_RETAIN_SELF = YES;
				CLANG_WARN_OBJC_LITERAL_CONVERSION = YES;
				CLANG_WARN_OBJC_ROOT_CLASS = YES_ERROR;
				CLANG_WARN_QUOTED_INCLUDE_IN_FRAMEWORK_HEADER = YES;
				CLANG_WARN_RANGE_LOOP_ANALYSIS = YES;
				CLANG_WARN_STRICT_PROTOTYPES = YES;
				CLANG_WARN_SUSPICIOUS_MOVE = YES;
				CLANG_WARN_UNGUARDED_AVAILABILITY = YES_AGGRESSIVE;
				CLANG_WARN_UNREACHABLE_CODE = YES;
				CLANG_WARN__DUPLICATE_METHOD_MATCH = YES;
				COPY_PHASE_STRIP = NO;
				DEBUG_INFORMATION_FORMAT = dwarf;
				ENABLE_STRICT_OBJC_MSGSEND = YES;
				ENABLE_TESTABILITY = YES;
				ENABLE_USER_SCRIPT_SANDBOXING = YES;
				GCC_C_LANGUAGE_STANDARD = gnu17;
				GCC_DYNAMIC_NO_PIC = NO;
				GCC_NO_COMMON_BLOCKS = YES;
				GCC_OPTIMIZATION_LEVEL = 0;
				GCC_PREPROCESSOR_DEFINITIONS = (
					"DEBUG=1",
					"$(inherited)",
				);
				GCC_WARN_64_TO_32_BIT_CONVERSION = YES;
				GCC_WARN_ABOUT_RETURN_TYPE = YES_ERROR;
				GCC_WARN_UNDECLARED_SELECTOR = YES;
				GCC_WARN_UNINITIALIZED_AUTOS = YES_AGGRESSIVE;
				GCC_WARN_UNUSED_FUNCTION = YES;
				GCC_WARN_UNUSED_VARIABLE = YES;
				IPHONEOS_DEPLOYMENT_TARGET = 18.2;
				LOCALIZATION_PREFERS_STRING_CATALOGS = YES;
				MTL_ENABLE_DEBUG_INFO = INCLUDE_SOURCE;
				MTL_FAST_MATH = YES;
				ONLY_ACTIVE_ARCH = YES;
				SDKROOT = iphoneos;
				SWIFT_ACTIVE_COMPILATION_CONDITIONS = "DEBUG $(inherited)";
				SWIFT_OPTIMIZATION_LEVEL = "-Onone";
			};
			name = Debug;
		};
		C2049D882E7FF08300A47743 /* Release */ = {
			isa = XCBuildConfiguration;
			buildSettings = {
				ALWAYS_SEARCH_USER_PATHS = NO;
				ASSETCATALOG_COMPILER_GENERATE_SWIFT_ASSET_SYMBOL_EXTENSIONS = YES;
				CLANG_ANALYZER_NONNULL = YES;
				CLANG_ANALYZER_NUMBER_OBJECT_CONVERSION = YES_AGGRESSIVE;
				CLANG_CXX_LANGUAGE_STANDARD = "gnu++20";
				CLANG_ENABLE_MODULES = YES;
				CLANG_ENABLE_OBJC_ARC = YES;
				CLANG_ENABLE_OBJC_WEAK = YES;
				CLANG_WARN_BLOCK_CAPTURE_AUTORELEASING = YES;
				CLANG_WARN_BOOL_CONVERSION = YES;
				CLANG_WARN_COMMA = YES;
				CLANG_WARN_CONSTANT_CONVERSION = YES;
				CLANG_WARN_DEPRECATED_OBJC_IMPLEMENTATIONS = YES;
				CLANG_WARN_DIRECT_OBJC_ISA_USAGE = YES_ERROR;
				CLANG_WARN_DOCUMENTATION_COMMENTS = YES;
				CLANG_WARN_EMPTY_BODY = YES;
				CLANG_WARN_ENUM_CONVERSION = YES;
				CLANG_WARN_INFINITE_RECURSION = YES;
				CLANG_WARN_INT_CONVERSION = YES;
				CLANG_WARN_NON_LITERAL_NULL_CONVERSION = YES;
				CLANG_WARN_OBJC_IMPLICIT_RETAIN_SELF = YES;
				CLANG_WARN_OBJC_LITERAL_CONVERSION = YES;
				CLANG_WARN_OBJC_ROOT_CLASS = YES_ERROR;
				CLANG_WARN_QUOTED_INCLUDE_IN_FRAMEWORK_HEADER = YES;
				CLANG_WARN_RANGE_LOOP_ANALYSIS = YES;
				CLANG_WARN_STRICT_PROTOTYPES = YES;
				CLANG_WARN_SUSPICIOUS_MOVE = YES;
				CLANG_WARN_UNGUARDED_AVAILABILITY = YES_AGGRESSIVE;
				CLANG_WARN_UNREACHABLE_CODE = YES;
				CLANG_WARN__DUPLICATE_METHOD_MATCH = YES;
				COPY_PHASE_STRIP = NO;
				DEBUG_INFORMATION_FORMAT = "dwarf-with-dsym";
				ENABLE_NS_ASSERTIONS = NO;
				ENABLE_STRICT_OBJC_MSGSEND = YES;
				ENABLE_USER_SCRIPT_SANDBOXING = YES;
				GCC_C_LANGUAGE_STANDARD = gnu17;
				GCC_NO_COMMON_BLOCKS = YES;
				GCC_WARN_64_TO_32_BIT_CONVERSION = YES;
				GCC_WARN_ABOUT_RETURN_TYPE = YES_ERROR;
				GCC_WARN_UNDECLARED_SELECTOR = YES;
				GCC_WARN_UNINITIALIZED_AUTOS = YES_AGGRESSIVE;
				GCC_WARN_UNUSED_FUNCTION = YES;
				GCC_WARN_UNUSED_VARIABLE = YES;
				IPHONEOS_DEPLOYMENT_TARGET = 18.2;
				LOCALIZATION_PREFERS_STRING_CATALOGS = YES;
				MTL_ENABLE_DEBUG_INFO = NO;
				MTL_FAST_MATH = YES;
				SDKROOT = iphoneos;
				SWIFT_COMPILATION_MODE = wholemodule;
				VALIDATE_PRODUCT = YES;
			};
			name = Release;
		};
		C2049D8A2E7FF08300A47743 /* Debug */ = {
			isa = XCBuildConfiguration;
			buildSettings = {
				ASSETCATALOG_COMPILER_APPICON_NAME = AppIcon;
				ASSETCATALOG_COMPILER_GLOBAL_ACCENT_COLOR_NAME = AccentColor;
				CODE_SIGN_STYLE = Automatic;
				CURRENT_PROJECT_VERSION = 1;
				DEVELOPMENT_ASSET_PATHS = "\"PDFHandler/Preview Content\"";
				DEVELOPMENT_TEAM = 2RC344KPBS;
				ENABLE_PREVIEWS = YES;
				GENERATE_INFOPLIST_FILE = YES;
				INFOPLIST_KEY_UIApplicationSceneManifest_Generation = YES;
				INFOPLIST_KEY_UIApplicationSupportsIndirectInputEvents = YES;
				INFOPLIST_KEY_UILaunchScreen_Generation = YES;
				INFOPLIST_KEY_UISupportedInterfaceOrientations = UIInterfaceOrientationPortrait;
				INFOPLIST_KEY_UISupportedInterfaceOrientations_iPad = "UIInterfaceOrientationLandscapeLeft UIInterfaceOrientationLandscapeRight UIInterfaceOrientationPortrait UIInterfaceOrientationPortraitUpsideDown";
				LD_RUNPATH_SEARCH_PATHS = (
					"$(inherited)",
					"@executable_path/Frameworks",
				);
				MARKETING_VERSION = 1.0;
				PRODUCT_BUNDLE_IDENTIFIER = com.rentarou1994.PDFHandler;
				PRODUCT_NAME = "$(TARGET_NAME)";
				SWIFT_EMIT_LOC_STRINGS = YES;
				SWIFT_VERSION = 5.0;
				TARGETED_DEVICE_FAMILY = "1,2";
			};
			name = Debug;
		};
		C2049D8B2E7FF08300A47743 /* Release */ = {
			isa = XCBuildConfiguration;
			buildSettings = {
				ASSETCATALOG_COMPILER_APPICON_NAME = AppIcon;
				ASSETCATALOG_COMPILER_GLOBAL_ACCENT_COLOR_NAME = AccentColor;
				CODE_SIGN_STYLE = Automatic;
				CURRENT_PROJECT_VERSION = 1;
				DEVELOPMENT_ASSET_PATHS = "\"PDFHandler/Preview Content\"";
				DEVELOPMENT_TEAM = 2RC344KPBS;
				ENABLE_PREVIEWS = YES;
				GENERATE_INFOPLIST_FILE = YES;
				INFOPLIST_KEY_UIApplicationSceneManifest_Generation = YES;
				INFOPLIST_KEY_UIApplicationSupportsIndirectInputEvents = YES;
				INFOPLIST_KEY_UILaunchScreen_Generation = YES;
				INFOPLIST_KEY_UISupportedInterfaceOrientations = UIInterfaceOrientationPortrait;
				INFOPLIST_KEY_UISupportedInterfaceOrientations_iPad = "UIInterfaceOrientationLandscapeLeft UIInterfaceOrientationLandscapeRight UIInterfaceOrientationPortrait UIInterfaceOrientationPortraitUpsideDown";
				LD_RUNPATH_SEARCH_PATHS = (
					"$(inherited)",
					"@executable_path/Frameworks",
				);
				MARKETING_VERSION = 1.0;
				PRODUCT_BUNDLE_IDENTIFIER = com.rentarou1994.PDFHandler;
				PRODUCT_NAME = "$(TARGET_NAME)";
				SWIFT_EMIT_LOC_STRINGS = YES;
				SWIFT_VERSION = 5.0;
				TARGETED_DEVICE_FAMILY = "1,2";
			};
			name = Release;
		};
		C2049D8D2E7FF08300A47743 /* Debug */ = {
			isa = XCBuildConfiguration;
			buildSettings = {
				BUNDLE_LOADER = "$(TEST_HOST)";
				CODE_SIGN_STYLE = Automatic;
				CURRENT_PROJECT_VERSION = 1;
				DEVELOPMENT_TEAM = 2RC344KPBS;
				GENERATE_INFOPLIST_FILE = YES;
				IPHONEOS_DEPLOYMENT_TARGET = 18.2;
				MARKETING_VERSION = 1.0;
				PRODUCT_BUNDLE_IDENTIFIER = com.rentarou1994.PDFHandlerTests;
				PRODUCT_NAME = "$(TARGET_NAME)";
				SWIFT_EMIT_LOC_STRINGS = NO;
				SWIFT_VERSION = 5.0;
				TARGETED_DEVICE_FAMILY = "1,2";
				TEST_HOST = "$(BUILT_PRODUCTS_DIR)/PDFHandler.app/$(BUNDLE_EXECUTABLE_FOLDER_PATH)/PDFHandler";
			};
			name = Debug;
		};
		C2049D8E2E7FF08300A47743 /* Release */ = {
			isa = XCBuildConfiguration;
			buildSettings = {
				BUNDLE_LOADER = "$(TEST_HOST)";
				CODE_SIGN_STYLE = Automatic;
				CURRENT_PROJECT_VERSION = 1;
				DEVELOPMENT_TEAM = 2RC344KPBS;
				GENERATE_INFOPLIST_FILE = YES;
				IPHONEOS_DEPLOYMENT_TARGET = 18.2;
				MARKETING_VERSION = 1.0;
				PRODUCT_BUNDLE_IDENTIFIER = com.rentarou1994.PDFHandlerTests;
				PRODUCT_NAME = "$(TARGET_NAME)";
				SWIFT_EMIT_LOC_STRINGS = NO;
				SWIFT_VERSION = 5.0;
				TARGETED_DEVICE_FAMILY = "1,2";
				TEST_HOST = "$(BUILT_PRODUCTS_DIR)/PDFHandler.app/$(BUNDLE_EXECUTABLE_FOLDER_PATH)/PDFHandler";
			};
			name = Release;
		};
		C2049D902E7FF08300A47743 /* Debug */ = {
			isa = XCBuildConfiguration;
			buildSettings = {
				CODE_SIGN_STYLE = Automatic;
				CURRENT_PROJECT_VERSION = 1;
				DEVELOPMENT_TEAM = 2RC344KPBS;
				GENERATE_INFOPLIST_FILE = YES;
				MARKETING_VERSION = 1.0;
				PRODUCT_BUNDLE_IDENTIFIER = com.rentarou1994.PDFHandlerUITests;
				PRODUCT_NAME = "$(TARGET_NAME)";
				SWIFT_EMIT_LOC_STRINGS = NO;
				SWIFT_VERSION = 5.0;
				TARGETED_DEVICE_FAMILY = "1,2";
				TEST_TARGET_NAME = PDFHandler;
			};
			name = Debug;
		};
		C2049D912E7FF08300A47743 /* Release */ = {
			isa = XCBuildConfiguration;
			buildSettings = {
				CODE_SIGN_STYLE = Automatic;
				CURRENT_PROJECT_VERSION = 1;
				DEVELOPMENT_TEAM = 2RC344KPBS;
				GENERATE_INFOPLIST_FILE = YES;
				MARKETING_VERSION = 1.0;
				PRODUCT_BUNDLE_IDENTIFIER = com.rentarou1994.PDFHandlerUITests;
				PRODUCT_NAME = "$(TARGET_NAME)";
				SWIFT_EMIT_LOC_STRINGS = NO;
				SWIFT_VERSION = 5.0;
				TARGETED_DEVICE_FAMILY = "1,2";
				TEST_TARGET_NAME = PDFHandler;
			};
			name = Release;
		};
/* End XCBuildConfiguration section */

/* Begin XCConfigurationList section */
		C2049D602E7FF08200A47743 /* Build configuration list for PBXProject "PDFHandler" */ = {
			isa = XCConfigurationList;
			buildConfigurations = (
				C2049D872E7FF08300A47743 /* Debug */,
				C2049D882E7FF08300A47743 /* Release */,
			);
			defaultConfigurationIsVisible = 0;
			defaultConfigurationName = Release;
		};
		C2049D892E7FF08300A47743 /* Build configuration list for PBXNativeTarget "PDFHandler" */ = {
			isa = XCConfigurationList;
			buildConfigurations = (
				C2049D8A2E7FF08300A47743 /* Debug */,
				C2049D8B2E7FF08300A47743 /* Release */,
			);
			defaultConfigurationIsVisible = 0;
			defaultConfigurationName = Release;
		};
		C2049D8C2E7FF08300A47743 /* Build configuration list for PBXNativeTarget "PDFHandlerTests" */ = {
			isa = XCConfigurationList;
			buildConfigurations = (
				C2049D8D2E7FF08300A47743 /* Debug */,
				C2049D8E2E7FF08300A47743 /* Release */,
			);
			defaultConfigurationIsVisible = 0;
			defaultConfigurationName = Release;
		};
		C2049D8F2E7FF08300A47743 /* Build configuration list for PBXNativeTarget "PDFHandlerUITests" */ = {
			isa = XCConfigurationList;
			buildConfigurations = (
				C2049D902E7FF08300A47743 /* Debug */,
				C2049D912E7FF08300A47743 /* Release */,
			);
			defaultConfigurationIsVisible = 0;
			defaultConfigurationName = Release;
		};
/* End XCConfigurationList section */

/* Begin XCLocalSwiftPackageReference section */
		C2CEB1462E98FB800007005C /* XCLocalSwiftPackageReference "../../PDFConverter" */ = {
			isa = XCLocalSwiftPackageReference;
			relativePath = ../../PDFConverter;
		};
/* End XCLocalSwiftPackageReference section */

/* Begin XCSwiftPackageProductDependency section */
		C2CEB1472E98FB800007005C /* PDFConverter */ = {
			isa = XCSwiftPackageProductDependency;
			productName = PDFConverter;
		};
/* End XCSwiftPackageProductDependency section */
	};
	rootObject = C2049D5D2E7FF08200A47743 /* Project object */;
}
